
Microsoft Visual Studio Solution File, Format Version 12.00
Project("{FAE04EC0-301F-11D3-BF4B-00C04F79EFBC}") = "csharpcore", "csharpcore\csharpcore.csproj", "{43E1032C-CAE8-42D7-A931-543FF79452E0}"
EndProject
Project("{FAE04EC0-301F-11D3-BF4B-00C04F79EFBC}") = "csharpcore.tests", "csharpcore.tests\csharpcore.tests.csproj", "{913FA982-7194-40E6-A2EA-D9F389C7EB28}"
EndProject
Global
	GlobalSection(SolutionConfigurationPlatforms) = preSolution
		Debug|Any CPU = Debug|Any CPU
		Release|Any CPU = Release|Any CPU
	EndGlobalSection
	GlobalSection(ProjectConfigurationPlatforms) = postSolution
		{43E1032C-CAE8-42D7-A931-543FF79452E0}.Debug|Any CPU.ActiveCfg = Debug|Any CPU
		{43E1032C-CAE8-42D7-A931-543FF79452E0}.Debug|Any CPU.Build.0 = Debug|Any CPU
		{43E1032C-CAE8-42D7-A931-543FF79452E0}.Release|Any CPU.ActiveCfg = Release|Any CPU
		{43E1032C-CAE8-42D7-A931-543FF79452E0}.Release|Any CPU.Build.0 = Release|Any CPU
		{913FA982-7194-40E6-A2EA-D9F389C7EB28}.Debug|Any CPU.ActiveCfg = Debug|Any CPU
		{913FA982-7194-40E6-A2EA-D9F389C7EB28}.Debug|Any CPU.Build.0 = Debug|Any CPU
		{913FA982-7194-40E6-A2EA-D9F389C7EB28}.Release|Any CPU.ActiveCfg = Release|Any CPU
		{913FA982-7194-40E6-A2EA-D9F389C7EB28}.Release|Any CPU.Build.0 = Release|Any CPU
	EndGlobalSection
EndGlobal
